
Microsoft Visual Studio Solution File, Format Version 12.00
# Visual Studio Version 17
VisualStudioVersion = 17.5.002.0
MinimumVisualStudioVersion = 10.0.40219.1
Project("{9A19103F-16F7-4668-BE54-9A1E7A4F7556}") = "14", "14.csproj", "{EABFDB38-D9AA-4177-8E49-E4862FF76E43}"
EndProject
Global
	GlobalSection(SolutionConfigurationPlatforms) = preSolution
		Debug|Any CPU = Debug|Any CPU
		Release|Any CPU = Release|Any CPU
	EndGlobalSection
	GlobalSection(ProjectConfigurationPlatforms) = postSolution
		{EABFDB38-D9AA-4177-8E49-E4862FF76E43}.Debug|Any CPU.ActiveCfg = Debug|Any CPU
		{EABFDB38-D9AA-4177-8E49-E4862FF76E43}.Debug|Any CPU.Build.0 = Debug|Any CPU
		{EABFDB38-D9AA-4177-8E49-E4862FF76E43}.Release|Any CPU.ActiveCfg = Release|Any CPU
		{EABFDB38-D9AA-4177-8E49-E4862FF76E43}.Release|Any CPU.Build.0 = Release|Any CPU
	EndGlobalSection
	GlobalSection(SolutionProperties) = preSolution
		HideSolutionNode = FALSE
	EndGlobalSection
	GlobalSection(ExtensibilityGlobals) = postSolution
		SolutionGuid = {995B196D-0296-4AAE-AFDA-110B37F4A79D}
	EndGlobalSection
EndGlobal
