
Microsoft Visual Studio Solution File, Format Version 12.00
# Visual Studio Version 17
VisualStudioVersion = 17.5.002.0
MinimumVisualStudioVersion = 10.0.40219.1
Project("{9A19103F-16F7-4668-BE54-9A1E7A4F7556}") = "9", "9.csproj", "{739EFD8E-B363-4FDA-953D-0D0E24386CEA}"
EndProject
Global
	GlobalSection(SolutionConfigurationPlatforms) = preSolution
		Debug|Any CPU = Debug|Any CPU
		Release|Any CPU = Release|Any CPU
	EndGlobalSection
	GlobalSection(ProjectConfigurationPlatforms) = postSolution
		{739EFD8E-B363-4FDA-953D-0D0E24386CEA}.Debug|Any CPU.ActiveCfg = Debug|Any CPU
		{739EFD8E-B363-4FDA-953D-0D0E24386CEA}.Debug|Any CPU.Build.0 = Debug|Any CPU
		{739EFD8E-B363-4FDA-953D-0D0E24386CEA}.Release|Any CPU.ActiveCfg = Release|Any CPU
		{739EFD8E-B363-4FDA-953D-0D0E24386CEA}.Release|Any CPU.Build.0 = Release|Any CPU
	EndGlobalSection
	GlobalSection(SolutionProperties) = preSolution
		HideSolutionNode = FALSE
	EndGlobalSection
	GlobalSection(ExtensibilityGlobals) = postSolution
		SolutionGuid = {2896F206-03B0-429D-891F-6743B74BDF9C}
	EndGlobalSection
EndGlobal
